
Microsoft Visual Studio Solution File, Format Version 12.00
# Visual Studio Version 16
Project("{FAE04EC0-301F-11D3-BF4B-00C04F79EFBC}") = "ProductLibrary", "ProductLibrary\ProductLibrary.csproj", "{8A8CF5B8-CFBD-4559-9FC7-6AD464667CA2}"
EndProject
Project("{FAE04EC0-301F-11D3-BF4B-00C04F79EFBC}") = "StoreApp", "StoreApp\StoreApp\StoreApp.csproj", "{0F867604-778C-42BF-8017-A8785D0C15A1}"
EndProject
Project("{FAE04EC0-301F-11D3-BF4B-00C04F79EFBC}") = "StoreApp.Droid", "StoreApp\StoreApp.Droid\StoreApp.Droid.csproj", "{BDA563CE-DC43-49BF-8FB1-2854BDA3427E}"
EndProject
Global
	GlobalSection(SolutionConfigurationPlatforms) = preSolution
		Debug|Any CPU = Debug|Any CPU
		Release|Any CPU = Release|Any CPU
	EndGlobalSection
	GlobalSection(ProjectConfigurationPlatforms) = postSolution
		{8A8CF5B8-CFBD-4559-9FC7-6AD464667CA2}.Debug|Any CPU.ActiveCfg = Debug|Any CPU
		{8A8CF5B8-CFBD-4559-9FC7-6AD464667CA2}.Debug|Any CPU.Build.0 = Debug|Any CPU
		{8A8CF5B8-CFBD-4559-9FC7-6AD464667CA2}.Release|Any CPU.ActiveCfg = Release|Any CPU
		{8A8CF5B8-CFBD-4559-9FC7-6AD464667CA2}.Release|Any CPU.Build.0 = Release|Any CPU
		{0F867604-778C-42BF-8017-A8785D0C15A1}.Debug|Any CPU.ActiveCfg = Debug|Any CPU
		{0F867604-778C-42BF-8017-A8785D0C15A1}.Debug|Any CPU.Build.0 = Debug|Any CPU
		{0F867604-778C-42BF-8017-A8785D0C15A1}.Release|Any CPU.ActiveCfg = Release|Any CPU
		{0F867604-778C-42BF-8017-A8785D0C15A1}.Release|Any CPU.Build.0 = Release|Any CPU
		{BDA563CE-DC43-49BF-8FB1-2854BDA3427E}.Debug|Any CPU.ActiveCfg = Debug|Any CPU
		{BDA563CE-DC43-49BF-8FB1-2854BDA3427E}.Debug|Any CPU.Build.0 = Debug|Any CPU
		{BDA563CE-DC43-49BF-8FB1-2854BDA3427E}.Release|Any CPU.ActiveCfg = Release|Any CPU
		{BDA563CE-DC43-49BF-8FB1-2854BDA3427E}.Release|Any CPU.Build.0 = Release|Any CPU
	EndGlobalSection
EndGlobal
